
Microsoft Visual Studio Solution File, Format Version 12.00
# Visual Studio 15
VisualStudioVersion = 15.0.28307.421
MinimumVisualStudioVersion = 10.0.40219.1
Project("{FAE04EC0-301F-11D3-BF4B-00C04F79EFBC}") = "SQLBackupTools", "WindowsFormsApp1\SQLBackupTools.csproj", "{BAB63400-0F8E-4EBF-892C-49B4FA76110C}"
EndProject
Global
	GlobalSection(SolutionConfigurationPlatforms) = preSolution
		Debug|Any CPU = Debug|Any CPU
		Release|Any CPU = Release|Any CPU
	EndGlobalSection
	GlobalSection(ProjectConfigurationPlatforms) = postSolution
		{BAB63400-0F8E-4EBF-892C-49B4FA76110C}.Debug|Any CPU.ActiveCfg = Debug|Any CPU
		{BAB63400-0F8E-4EBF-892C-49B4FA76110C}.Debug|Any CPU.Build.0 = Debug|Any CPU
		{BAB63400-0F8E-4EBF-892C-49B4FA76110C}.Release|Any CPU.ActiveCfg = Release|Any CPU
		{BAB63400-0F8E-4EBF-892C-49B4FA76110C}.Release|Any CPU.Build.0 = Release|Any CPU
	EndGlobalSection
	GlobalSection(SolutionProperties) = preSolution
		HideSolutionNode = FALSE
	EndGlobalSection
	GlobalSection(ExtensibilityGlobals) = postSolution
		SolutionGuid = {1A02E2E9-40ED-4A23-B726-E23C760B54F4}
	EndGlobalSection
EndGlobal
